
Microsoft Visual Studio Solution File, Format Version 12.00
# Visual Studio Version 17
VisualStudioVersion = 17.7.34003.232
MinimumVisualStudioVersion = 10.0.40219.1
Project("{FAE04EC0-301F-11D3-BF4B-00C04F79EFBC}") = "LADCH20230904", "LADCH20230904\LADCH20230904.csproj", "{D5B21158-7C11-4E83-8885-330F9FED2389}"
EndProject
Global
	GlobalSection(SolutionConfigurationPlatforms) = preSolution
		Debug|Any CPU = Debug|Any CPU
		Release|Any CPU = Release|Any CPU
	EndGlobalSection
	GlobalSection(ProjectConfigurationPlatforms) = postSolution
		{D5B21158-7C11-4E83-8885-330F9FED2389}.Debug|Any CPU.ActiveCfg = Debug|Any CPU
		{D5B21158-7C11-4E83-8885-330F9FED2389}.Debug|Any CPU.Build.0 = Debug|Any CPU
		{D5B21158-7C11-4E83-8885-330F9FED2389}.Release|Any CPU.ActiveCfg = Release|Any CPU
		{D5B21158-7C11-4E83-8885-330F9FED2389}.Release|Any CPU.Build.0 = Release|Any CPU
	EndGlobalSection
	GlobalSection(SolutionProperties) = preSolution
		HideSolutionNode = FALSE
	EndGlobalSection
	GlobalSection(ExtensibilityGlobals) = postSolution
		SolutionGuid = {75522E7A-784E-4651-A622-9F6736D09BE1}
	EndGlobalSection
EndGlobal
