
Microsoft Visual Studio Solution File, Format Version 12.00
# Visual Studio Version 17
VisualStudioVersion = 17.7.34003.232
MinimumVisualStudioVersion = 10.0.40219.1
Project("{FAE04EC0-301F-11D3-BF4B-00C04F79EFBC}") = "LADCH20230905Aulas", "LADCH20230905Aulas\LADCH20230905Aulas.csproj", "{DC4A1D02-52A3-4113-8F79-5674BDD0FDE4}"
EndProject
Global
	GlobalSection(SolutionConfigurationPlatforms) = preSolution
		Debug|Any CPU = Debug|Any CPU
		Release|Any CPU = Release|Any CPU
	EndGlobalSection
	GlobalSection(ProjectConfigurationPlatforms) = postSolution
		{DC4A1D02-52A3-4113-8F79-5674BDD0FDE4}.Debug|Any CPU.ActiveCfg = Debug|Any CPU
		{DC4A1D02-52A3-4113-8F79-5674BDD0FDE4}.Debug|Any CPU.Build.0 = Debug|Any CPU
		{DC4A1D02-52A3-4113-8F79-5674BDD0FDE4}.Release|Any CPU.ActiveCfg = Release|Any CPU
		{DC4A1D02-52A3-4113-8F79-5674BDD0FDE4}.Release|Any CPU.Build.0 = Release|Any CPU
	EndGlobalSection
	GlobalSection(SolutionProperties) = preSolution
		HideSolutionNode = FALSE
	EndGlobalSection
	GlobalSection(ExtensibilityGlobals) = postSolution
		SolutionGuid = {C5CF21A7-1543-4457-9BF1-A1F606031FA6}
	EndGlobalSection
EndGlobal
