
Microsoft Visual Studio Solution File, Format Version 12.00
# Visual Studio Version 17
VisualStudioVersion = 17.7.34003.232
MinimumVisualStudioVersion = 10.0.40219.1
Project("{FAE04EC0-301F-11D3-BF4B-00C04F79EFBC}") = "LADCH20230905Alumnos", "LADCH20230905Alumnos\LADCH20230905Alumnos.csproj", "{15ACD7FF-822E-41C3-8B82-7E97713D6929}"
EndProject
Global
	GlobalSection(SolutionConfigurationPlatforms) = preSolution
		Debug|Any CPU = Debug|Any CPU
		Release|Any CPU = Release|Any CPU
	EndGlobalSection
	GlobalSection(ProjectConfigurationPlatforms) = postSolution
		{15ACD7FF-822E-41C3-8B82-7E97713D6929}.Debug|Any CPU.ActiveCfg = Debug|Any CPU
		{15ACD7FF-822E-41C3-8B82-7E97713D6929}.Debug|Any CPU.Build.0 = Debug|Any CPU
		{15ACD7FF-822E-41C3-8B82-7E97713D6929}.Release|Any CPU.ActiveCfg = Release|Any CPU
		{15ACD7FF-822E-41C3-8B82-7E97713D6929}.Release|Any CPU.Build.0 = Release|Any CPU
	EndGlobalSection
	GlobalSection(SolutionProperties) = preSolution
		HideSolutionNode = FALSE
	EndGlobalSection
	GlobalSection(ExtensibilityGlobals) = postSolution
		SolutionGuid = {CA4BDA2C-E46F-4850-BADA-5CB1AC738556}
	EndGlobalSection
EndGlobal
