
Microsoft Visual Studio Solution File, Format Version 12.00
# Visual Studio Version 17
VisualStudioVersion = 17.7.34003.232
MinimumVisualStudioVersion = 10.0.40219.1
Project("{FAE04EC0-301F-11D3-BF4B-00C04F79EFBC}") = "LADCH20230409", "LADCH20230409\LADCH20230409.csproj", "{3811D597-8727-4810-B9BD-FF498A45A811}"
EndProject
Global
	GlobalSection(SolutionConfigurationPlatforms) = preSolution
		Debug|Any CPU = Debug|Any CPU
		Release|Any CPU = Release|Any CPU
	EndGlobalSection
	GlobalSection(ProjectConfigurationPlatforms) = postSolution
		{3811D597-8727-4810-B9BD-FF498A45A811}.Debug|Any CPU.ActiveCfg = Debug|Any CPU
		{3811D597-8727-4810-B9BD-FF498A45A811}.Debug|Any CPU.Build.0 = Debug|Any CPU
		{3811D597-8727-4810-B9BD-FF498A45A811}.Release|Any CPU.ActiveCfg = Release|Any CPU
		{3811D597-8727-4810-B9BD-FF498A45A811}.Release|Any CPU.Build.0 = Release|Any CPU
	EndGlobalSection
	GlobalSection(SolutionProperties) = preSolution
		HideSolutionNode = FALSE
	EndGlobalSection
	GlobalSection(ExtensibilityGlobals) = postSolution
		SolutionGuid = {609D945F-B2DB-4A8B-8396-8F0D88AD5FCB}
	EndGlobalSection
EndGlobal
